// !$*UTF8*$!
{
	archiveVersion = 1;
	classes = {
	};
	objectVersion = 46;
	objects = {

/* Begin PBXBuildFile section */
		0354A0CA1EC04BA900518ECC /* AppDelegate.swift in Sources */ = {isa = PBXBuildFile; fileRef = 0354A0C91EC04BA900518ECC /* AppDelegate.swift */; };
		0354A0CC1EC04BA900518ECC /* ViewController.swift in Sources */ = {isa = PBXBuildFile; fileRef = 0354A0CB1EC04BA900518ECC /* ViewController.swift */; };
		0354A0D11EC04BA900518ECC /* Assets.xcassets in Resources */ = {isa = PBXBuildFile; fileRef = 0354A0D01EC04BA900518ECC /* Assets.xcassets */; };
		0354A0D41EC04BA900518ECC /* LaunchScreen.storyboard in Resources */ = {isa = PBXBuildFile; fileRef = 0354A0D21EC04BA900518ECC /* LaunchScreen.storyboard */; };
		03A9880E1EC1BCB800AE234E /* SnapKit.framework in Frameworks */ = {isa = PBXBuildFile; fileRef = 03A9880D1EC1BCB800AE234E /* SnapKit.framework */; };
		03FF209C1EC05F9400E1E4AD /* RxBlocking.framework in Frameworks */ = {isa = PBXBuildFile; fileRef = 03FF20991EC05F9400E1E4AD /* RxBlocking.framework */; };
		03FF209D1EC05F9400E1E4AD /* RxCocoa.framework in Frameworks */ = {isa = PBXBuildFile; fileRef = 03FF209A1EC05F9400E1E4AD /* RxCocoa.framework */; };
		03FF209E1EC05F9400E1E4AD /* RxSwift.framework in Frameworks */ = {isa = PBXBuildFile; fileRef = 03FF209B1EC05F9400E1E4AD /* RxSwift.framework */; };
/* End PBXBuildFile section */

/* Begin PBXFileReference section */
		0354A0C61EC04BA900518ECC /* DemoFRP.app */ = {isa = PBXFileReference; explicitFileType = wrapper.application; includeInIndex = 0; path = DemoFRP.app; sourceTree = BUILT_PRODUCTS_DIR; };
		0354A0C91EC04BA900518ECC /* AppDelegate.swift */ = {isa = PBXFileReference; lastKnownFileType = sourcecode.swift; path = AppDelegate.swift; sourceTree = "<group>"; };
		0354A0CB1EC04BA900518ECC /* ViewController.swift */ = {isa = PBXFileReference; lastKnownFileType = sourcecode.swift; path = ViewController.swift; sourceTree = "<group>"; };
		0354A0D01EC04BA900518ECC /* Assets.xcassets */ = {isa = PBXFileReference; lastKnownFileType = folder.assetcatalog; path = Assets.xcassets; sourceTree = "<group>"; };
		0354A0D31EC04BA900518ECC /* Base */ = {isa = PBXFileReference; lastKnownFileType = file.storyboard; name = Base; path = Base.lproj/LaunchScreen.storyboard; sourceTree = "<group>"; };
		0354A0D51EC04BA900518ECC /* Info.plist */ = {isa = PBXFileReference; lastKnownFileType = text.plist.xml; path = Info.plist; sourceTree = "<group>"; };
		03A9880D1EC1BCB800AE234E /* SnapKit.framework */ = {isa = PBXFileReference; lastKnownFileType = wrapper.framework; name = SnapKit.framework; path = Carthage/Build/iOS/SnapKit.framework; sourceTree = "<group>"; };
		03FF20991EC05F9400E1E4AD /* RxBlocking.framework */ = {isa = PBXFileReference; lastKnownFileType = wrapper.framework; name = RxBlocking.framework; path = Carthage/Build/iOS/RxBlocking.framework; sourceTree = "<group>"; };
		03FF209A1EC05F9400E1E4AD /* RxCocoa.framework */ = {isa = PBXFileReference; lastKnownFileType = wrapper.framework; name = RxCocoa.framework; path = Carthage/Build/iOS/RxCocoa.framework; sourceTree = "<group>"; };
		03FF209B1EC05F9400E1E4AD /* RxSwift.framework */ = {isa = PBXFileReference; lastKnownFileType = wrapper.framework; name = RxSwift.framework; path = Carthage/Build/iOS/RxSwift.framework; sourceTree = "<group>"; };
/* End PBXFileReference section */

/* Begin PBXFrameworksBuildPhase section */
		0354A0C31EC04BA900518ECC /* Frameworks */ = {
			isa = PBXFrameworksBuildPhase;
			buildActionMask = 2147483647;
			files = (
				03A9880E1EC1BCB800AE234E /* SnapKit.framework in Frameworks */,
				03FF209C1EC05F9400E1E4AD /* RxBlocking.framework in Frameworks */,
				03FF209D1EC05F9400E1E4AD /* RxCocoa.framework in Frameworks */,
				03FF209E1EC05F9400E1E4AD /* RxSwift.framework in Frameworks */,
			);
			runOnlyForDeploymentPostprocessing = 0;
		};
/* End PBXFrameworksBuildPhase section */

/* Begin PBXGroup section */
		0354A0BD1EC04BA900518ECC = {
			isa = PBXGroup;
			children = (
				0354A0C81EC04BA900518ECC /* DemoFRP */,
				0354A0C71EC04BA900518ECC /* Products */,
				03FF20981EC05F9300E1E4AD /* Frameworks */,
			);
			sourceTree = "<group>";
		};
		0354A0C71EC04BA900518ECC /* Products */ = {
			isa = PBXGroup;
			children = (
				0354A0C61EC04BA900518ECC /* DemoFRP.app */,
			);
			name = Products;
			sourceTree = "<group>";
		};
		0354A0C81EC04BA900518ECC /* DemoFRP */ = {
			isa = PBXGroup;
			children = (
				0354A0C91EC04BA900518ECC /* AppDelegate.swift */,
				0354A0CB1EC04BA900518ECC /* ViewController.swift */,
				0354A0D01EC04BA900518ECC /* Assets.xcassets */,
				0354A0D21EC04BA900518ECC /* LaunchScreen.storyboard */,
				0354A0D51EC04BA900518ECC /* Info.plist */,
			);
			path = DemoFRP;
			sourceTree = "<group>";
		};
		03FF20981EC05F9300E1E4AD /* Frameworks */ = {
			isa = PBXGroup;
			children = (
				03A9880D1EC1BCB800AE234E /* SnapKit.framework */,
				03FF20991EC05F9400E1E4AD /* RxBlocking.framework */,
				03FF209A1EC05F9400E1E4AD /* RxCocoa.framework */,
				03FF209B1EC05F9400E1E4AD /* RxSwift.framework */,
			);
			name = Frameworks;
			sourceTree = "<group>";
		};
/* End PBXGroup section */

/* Begin PBXNativeTarget section */
		0354A0C51EC04BA900518ECC /* DemoFRP */ = {
			isa = PBXNativeTarget;
			buildConfigurationList = 0354A0D81EC04BA900518ECC /* Build configuration list for PBXNativeTarget "DemoFRP" */;
			buildPhases = (
				0354A0C21EC04BA900518ECC /* Sources */,
				0354A0C31EC04BA900518ECC /* Frameworks */,
				0354A0C41EC04BA900518ECC /* Resources */,
				03FF20971EC05F3A00E1E4AD /* ShellScript */,
			);
			buildRules = (
			);
			dependencies = (
			);
			name = DemoFRP;
			productName = DemoFRP;
			productReference = 0354A0C61EC04BA900518ECC /* DemoFRP.app */;
			productType = "com.apple.product-type.application";
		};
/* End PBXNativeTarget section */

/* Begin PBXProject section */
		0354A0BE1EC04BA900518ECC /* Project object */ = {
			isa = PBXProject;
			attributes = {
				LastSwiftUpdateCheck = 0830;
				LastUpgradeCheck = 0830;
				ORGANIZATIONNAME = "Nicolas VERINAUD";
				TargetAttributes = {
					0354A0C51EC04BA900518ECC = {
						CreatedOnToolsVersion = 8.3.2;
						ProvisioningStyle = Automatic;
					};
				};
			};
			buildConfigurationList = 0354A0C11EC04BA900518ECC /* Build configuration list for PBXProject "DemoFRP" */;
			compatibilityVersion = "Xcode 3.2";
			developmentRegion = English;
			hasScannedForEncodings = 0;
			knownRegions = (
				en,
				Base,
			);
			mainGroup = 0354A0BD1EC04BA900518ECC;
			productRefGroup = 0354A0C71EC04BA900518ECC /* Products */;
			projectDirPath = "";
			projectRoot = "";
			targets = (
				0354A0C51EC04BA900518ECC /* DemoFRP */,
			);
		};
/* End PBXProject section */

/* Begin PBXResourcesBuildPhase section */
		0354A0C41EC04BA900518ECC /* Resources */ = {
			isa = PBXResourcesBuildPhase;
			buildActionMask = 2147483647;
			files = (
				0354A0D41EC04BA900518ECC /* LaunchScreen.storyboard in Resources */,
				0354A0D11EC04BA900518ECC /* Assets.xcassets in Resources */,
			);
			runOnlyForDeploymentPostprocessing = 0;
		};
/* End PBXResourcesBuildPhase section */

/* Begin PBXShellScriptBuildPhase section */
		03FF20971EC05F3A00E1E4AD /* ShellScript */ = {
			isa = PBXShellScriptBuildPhase;
			buildActionMask = 2147483647;
			files = (
			);
			inputPaths = (
				"$(SRCROOT)/Carthage/Build/iOS/RxSwift.framework",
				"$(SRCROOT)/Carthage/Build/iOS/RxBlocking.framework",
				"$(SRCROOT)/Carthage/Build/iOS/RxCocoa.framework",
				"$(SRCROOT)/Carthage/Build/iOS/SnapKit.framework",
			);
			outputPaths = (
			);
			runOnlyForDeploymentPostprocessing = 0;
			shellPath = /bin/sh;
			shellScript = "/usr/local/bin/carthage copy-frameworks";
		};
/* End PBXShellScriptBuildPhase section */

/* Begin PBXSourcesBuildPhase section */
		0354A0C21EC04BA900518ECC /* Sources */ = {
			isa = PBXSourcesBuildPhase;
			buildActionMask = 2147483647;
			files = (
				0354A0CC1EC04BA900518ECC /* ViewController.swift in Sources */,
				0354A0CA1EC04BA900518ECC /* AppDelegate.swift in Sources */,
			);
			runOnlyForDeploymentPostprocessing = 0;
		};
/* End PBXSourcesBuildPhase section */

/* Begin PBXVariantGroup section */
		0354A0D21EC04BA900518ECC /* LaunchScreen.storyboard */ = {
			isa = PBXVariantGroup;
			children = (
				0354A0D31EC04BA900518ECC /* Base */,
			);
			name = LaunchScreen.storyboard;
			sourceTree = "<group>";
		};
/* End PBXVariantGroup section */

/* Begin XCBuildConfiguration section */
		0354A0D61EC04BA900518ECC /* Debug */ = {
			isa = XCBuildConfiguration;
			buildSettings = {
				ALWAYS_SEARCH_USER_PATHS = NO;
				CLANG_ANALYZER_NONNULL = YES;
				CLANG_ANALYZER_NUMBER_OBJECT_CONVERSION = YES_AGGRESSIVE;
				CLANG_CXX_LANGUAGE_STANDARD = "gnu++0x";
				CLANG_CXX_LIBRARY = "libc++";
				CLANG_ENABLE_MODULES = YES;
				CLANG_ENABLE_OBJC_ARC = YES;
				CLANG_WARN_BOOL_CONVERSION = YES;
				CLANG_WARN_CONSTANT_CONVERSION = YES;
				CLANG_WARN_DIRECT_OBJC_ISA_USAGE = YES_ERROR;
				CLANG_WARN_DOCUMENTATION_COMMENTS = YES;
				CLANG_WARN_EMPTY_BODY = YES;
				CLANG_WARN_ENUM_CONVERSION = YES;
				CLANG_WARN_INFINITE_RECURSION = YES;
				CLANG_WARN_INT_CONVERSION = YES;
				CLANG_WARN_OBJC_ROOT_CLASS = YES_ERROR;
				CLANG_WARN_SUSPICIOUS_MOVE = YES;
				CLANG_WARN_UNREACHABLE_CODE = YES;
				CLANG_WARN__DUPLICATE_METHOD_MATCH = YES;
				"CODE_SIGN_IDENTITY[sdk=iphoneos*]" = "iPhone Developer";
				COPY_PHASE_STRIP = NO;
				DEBUG_INFORMATION_FORMAT = dwarf;
				ENABLE_STRICT_OBJC_MSGSEND = YES;
				ENABLE_TESTABILITY = YES;
				GCC_C_LANGUAGE_STANDARD = gnu99;
				GCC_DYNAMIC_NO_PIC = NO;
				GCC_NO_COMMON_BLOCKS = YES;
				GCC_OPTIMIZATION_LEVEL = 0;
				GCC_PREPROCESSOR_DEFINITIONS = (
					"DEBUG=1",
					"$(inherited)",
				);
				GCC_WARN_64_TO_32_BIT_CONVERSION = YES;
				GCC_WARN_ABOUT_RETURN_TYPE = YES_ERROR;
				GCC_WARN_UNDECLARED_SELECTOR = YES;
				GCC_WARN_UNINITIALIZED_AUTOS = YES_AGGRESSIVE;
				GCC_WARN_UNUSED_FUNCTION = YES;
				GCC_WARN_UNUSED_VARIABLE = YES;
				IPHONEOS_DEPLOYMENT_TARGET = 10.3;
				MTL_ENABLE_DEBUG_INFO = YES;
				ONLY_ACTIVE_ARCH = YES;
				SDKROOT = iphoneos;
				SWIFT_ACTIVE_COMPILATION_CONDITIONS = DEBUG;
				SWIFT_OPTIMIZATION_LEVEL = "-Onone";
				TARGETED_DEVICE_FAMILY = "1,2";
			};
			name = Debug;
		};
		0354A0D71EC04BA900518ECC /* Release */ = {
			isa = XCBuildConfiguration;
			buildSettings = {
				ALWAYS_SEARCH_USER_PATHS = NO;
				CLANG_ANALYZER_NONNULL = YES;
				CLANG_ANALYZER_NUMBER_OBJECT_CONVERSION = YES_AGGRESSIVE;
				CLANG_CXX_LANGUAGE_STANDARD = "gnu++0x";
				CLANG_CXX_LIBRARY = "libc++";
				CLANG_ENABLE_MODULES = YES;
				CLANG_ENABLE_OBJC_ARC = YES;
				CLANG_WARN_BOOL_CONVERSION = YES;
				CLANG_WARN_CONSTANT_CONVERSION = YES;
				CLANG_WARN_DIRECT_OBJC_ISA_USAGE = YES_ERROR;
				CLANG_WARN_DOCUMENTATION_COMMENTS = YES;
				CLANG_WARN_EMPTY_BODY = YES;
				CLANG_WARN_ENUM_CONVERSION = YES;
				CLANG_WARN_INFINITE_RECURSION = YES;
				CLANG_WARN_INT_CONVERSION = YES;
				CLANG_WARN_OBJC_ROOT_CLASS = YES_ERROR;
				CLANG_WARN_SUSPICIOUS_MOVE = YES;
				CLANG_WARN_UNREACHABLE_CODE = YES;
				CLANG_WARN__DUPLICATE_METHOD_MATCH = YES;
				"CODE_SIGN_IDENTITY[sdk=iphoneos*]" = "iPhone Developer";
				COPY_PHASE_STRIP = NO;
				DEBUG_INFORMATION_FORMAT = "dwarf-with-dsym";
				ENABLE_NS_ASSERTIONS = NO;
				ENABLE_STRICT_OBJC_MSGSEND = YES;
				GCC_C_LANGUAGE_STANDARD = gnu99;
				GCC_NO_COMMON_BLOCKS = YES;
				GCC_WARN_64_TO_32_BIT_CONVERSION = YES;
				GCC_WARN_ABOUT_RETURN_TYPE = YES_ERROR;
				GCC_WARN_UNDECLARED_SELECTOR = YES;
				GCC_WARN_UNINITIALIZED_AUTOS = YES_AGGRESSIVE;
				GCC_WARN_UNUSED_FUNCTION = YES;
				GCC_WARN_UNUSED_VARIABLE = YES;
				IPHONEOS_DEPLOYMENT_TARGET = 10.3;
				MTL_ENABLE_DEBUG_INFO = NO;
				SDKROOT = iphoneos;
				SWIFT_OPTIMIZATION_LEVEL = "-Owholemodule";
				TARGETED_DEVICE_FAMILY = "1,2";
				VALIDATE_PRODUCT = YES;
			};
			name = Release;
		};
		0354A0D91EC04BA900518ECC /* Debug */ = {
			isa = XCBuildConfiguration;
			buildSettings = {
				ASSETCATALOG_COMPILER_APPICON_NAME = AppIcon;
				FRAMEWORK_SEARCH_PATHS = (
					"$(inherited)",
					"$(PROJECT_DIR)/Carthage/Build/iOS",
				);
				INFOPLIST_FILE = DemoFRP/Info.plist;
				LD_RUNPATH_SEARCH_PATHS = "$(inherited) @executable_path/Frameworks";
				PRODUCT_BUNDLE_IDENTIFIER = com.nverinaud.DemoFRP;
				PRODUCT_NAME = "$(TARGET_NAME)";
				SWIFT_VERSION = 3.0;
			};
			name = Debug;
		};
		0354A0DA1EC04BA900518ECC /* Release */ = {
			isa = XCBuildConfiguration;
			buildSettings = {
				ASSETCATALOG_COMPILER_APPICON_NAME = AppIcon;
				FRAMEWORK_SEARCH_PATHS = (
					"$(inherited)",
					"$(PROJECT_DIR)/Carthage/Build/iOS",
				);
				INFOPLIST_FILE = DemoFRP/Info.plist;
				LD_RUNPATH_SEARCH_PATHS = "$(inherited) @executable_path/Frameworks";
				PRODUCT_BUNDLE_IDENTIFIER = com.nverinaud.DemoFRP;
				PRODUCT_NAME = "$(TARGET_NAME)";
				SWIFT_VERSION = 3.0;
			};
			name = Release;
		};
/* End XCBuildConfiguration section */

/* Begin XCConfigurationList section */
		0354A0C11EC04BA900518ECC /* Build configuration list for PBXProject "DemoFRP" */ = {
			isa = XCConfigurationList;
			buildConfigurations = (
				0354A0D61EC04BA900518ECC /* Debug */,
				0354A0D71EC04BA900518ECC /* Release */,
			);
			defaultConfigurationIsVisible = 0;
			defaultConfigurationName = Release;
		};
		0354A0D81EC04BA900518ECC /* Build configuration list for PBXNativeTarget "DemoFRP" */ = {
			isa = XCConfigurationList;
			buildConfigurations = (
				0354A0D91EC04BA900518ECC /* Debug */,
				0354A0DA1EC04BA900518ECC /* Release */,
			);
			defaultConfigurationIsVisible = 0;
			defaultConfigurationName = Release;
		};
/* End XCConfigurationList section */
	};
	rootObject = 0354A0BE1EC04BA900518ECC /* Project object */;
}
